{
  "pins" : [
    {
      "identity" : "otushomework",
      "kind" : "remoteSourceControl",
      "location" : "https://github.com/NikkoGladkko/OtusHomework.git",
      "state" : {
        "revision" : "87bab7d94644f545187012a6b619d4bad80928de",
        "version" : "0.0.12"
      }
    },
    {
      "identity" : "snapkit",
      "kind" : "remoteSourceControl",
      "location" : "https://github.com/SnapKit/SnapKit.git",
      "state" : {
        "revision" : "f222cbdf325885926566172f6f5f06af95473158",
        "version" : "5.6.0"
      }
    }
  ],
  "version" : 2
}
